
Microsoft Visual Studio Solution File, Format Version 12.00
# Visual Studio Version 17
VisualStudioVersion = 17.9.34701.34
MinimumVisualStudioVersion = 10.0.40219.1
Project("{FAE04EC0-301F-11D3-BF4B-00C04F79EFBC}") = "Fuel_Prices", "Fuel_Prices\Fuel_Prices.csproj", "{CF02A4B6-BCF9-4580-B855-0912F5F0B267}"
EndProject
Global
	GlobalSection(SolutionConfigurationPlatforms) = preSolution
		Debug|Any CPU = Debug|Any CPU
		Release|Any CPU = Release|Any CPU
	EndGlobalSection
	GlobalSection(ProjectConfigurationPlatforms) = postSolution
		{CF02A4B6-BCF9-4580-B855-0912F5F0B267}.Debug|Any CPU.ActiveCfg = Debug|Any CPU
		{CF02A4B6-BCF9-4580-B855-0912F5F0B267}.Debug|Any CPU.Build.0 = Debug|Any CPU
		{CF02A4B6-BCF9-4580-B855-0912F5F0B267}.Release|Any CPU.ActiveCfg = Release|Any CPU
		{CF02A4B6-BCF9-4580-B855-0912F5F0B267}.Release|Any CPU.Build.0 = Release|Any CPU
	EndGlobalSection
	GlobalSection(SolutionProperties) = preSolution
		HideSolutionNode = FALSE
	EndGlobalSection
	GlobalSection(ExtensibilityGlobals) = postSolution
		SolutionGuid = {A308475B-5566-4D51-8CF8-77B44AFE1F9C}
	EndGlobalSection
EndGlobal
