
Microsoft Visual Studio Solution File, Format Version 12.00
# Visual Studio Version 17
VisualStudioVersion = 17.9.34616.47
MinimumVisualStudioVersion = 10.0.40219.1
Project("{FAE04EC0-301F-11D3-BF4B-00C04F79EFBC}") = "FlightManager", "FlightManager\FlightManager.csproj", "{28BB1132-3668-480D-A96A-0E188818555F}"
EndProject
Global
	GlobalSection(SolutionConfigurationPlatforms) = preSolution
		Debug|Any CPU = Debug|Any CPU
		Release|Any CPU = Release|Any CPU
	EndGlobalSection
	GlobalSection(ProjectConfigurationPlatforms) = postSolution
		{28BB1132-3668-480D-A96A-0E188818555F}.Debug|Any CPU.ActiveCfg = Debug|Any CPU
		{28BB1132-3668-480D-A96A-0E188818555F}.Debug|Any CPU.Build.0 = Debug|Any CPU
		{28BB1132-3668-480D-A96A-0E188818555F}.Release|Any CPU.ActiveCfg = Release|Any CPU
		{28BB1132-3668-480D-A96A-0E188818555F}.Release|Any CPU.Build.0 = Release|Any CPU
	EndGlobalSection
	GlobalSection(SolutionProperties) = preSolution
		HideSolutionNode = FALSE
	EndGlobalSection
	GlobalSection(ExtensibilityGlobals) = postSolution
		SolutionGuid = {F45E31B8-E936-4F68-8FAD-4DE0E73AE164}
	EndGlobalSection
EndGlobal
